
Microsoft Visual Studio Solution File, Format Version 12.00
# Visual Studio 14
VisualStudioVersion = 14.0.25420.1
MinimumVisualStudioVersion = 10.0.40219.1
Project("{2150E333-8FDC-42A3-9474-1A3956D46DE8}") = "PropertyChanged", "PropertyChanged", "{F316A296-1ABA-4463-A2FB-DF88B1F4EA23}"
EndProject
Project("{8BC9CEB8-8B4A-11D0-8D11-00A0C91BC942}") = "DMExample", "DMExample\DMExample.vcxproj", "{6C6A2B41-F4B7-4D1B-8DCD-1D453DDD10A7}"
EndProject
Project("{8BC9CEB8-8B4A-11D0-8D11-00A0C91BC942}") = "WRLBasics", "WRLBasics\WRLBasics.vcxitems", "{45D41ACC-2C3C-43D2-BC10-02AA73FFC7C7}"
EndProject
Project("{FAE04EC0-301F-11D3-BF4B-00C04F79EFBC}") = "DMTestApp", "DMTestApp\DMTestApp.csproj", "{0A7C1E6B-7AB8-4DF2-ACEC-CBC42F995294}"
EndProject
Project("{2150E333-8FDC-42A3-9474-1A3956D46DE8}") = "ValueConverter", "ValueConverter", "{D65876E5-789F-4FB9-BBBE-9B1292870D8A}"
EndProject
Project("{8BC9CEB8-8B4A-11D0-8D11-00A0C91BC942}") = "FromWin2D", "FromWin2D\FromWin2D.vcxitems", "{7A3BC0ED-4180-4D9A-9B48-26230FAC18EC}"
EndProject
Project("{8BC9CEB8-8B4A-11D0-8D11-00A0C91BC942}") = "ValueConverter", "ValueConverter\ValueConverter.vcxproj", "{F867DD1F-F7F8-4853-B86F-DD9C53BD99DE}"
EndProject
Project("{FAE04EC0-301F-11D3-BF4B-00C04F79EFBC}") = "ValueConverterTestApp", "ValueConverterTestApp\ValueConverterTestApp.csproj", "{C4946091-ACC8-4366-8EE1-56A9F8F0FED2}"
EndProject
Project("{2150E333-8FDC-42A3-9474-1A3956D46DE8}") = "CppWinRT", "CppWinRT", "{FC29A6D1-A804-4A46-9916-66C164B57CD5}"
EndProject
Project("{8BC9CEB8-8B4A-11D0-8D11-00A0C91BC942}") = "SwapChain", "SwapChain\SwapChain.vcxproj", "{9AC90A4D-0C8E-48D6-977B-ABD94E80E676}"
EndProject
Project("{FAE04EC0-301F-11D3-BF4B-00C04F79EFBC}") = "SwapChainApp", "SwapChainApp\SwapChainApp.csproj", "{87140646-A722-46D5-8E70-7704EB6BF60C}"
EndProject
Project("{2150E333-8FDC-42A3-9474-1A3956D46DE8}") = "Async", "Async", "{36A9EE7F-A8D3-4A27-9E9E-53F7C2A9FF22}"
EndProject
Project("{8BC9CEB8-8B4A-11D0-8D11-00A0C91BC942}") = "AsyncComponent", "AsyncComponent\AsyncComponent.vcxproj", "{DFF1DCC9-520C-46EE-AE17-8120091F810C}"
EndProject
Project("{FAE04EC0-301F-11D3-BF4B-00C04F79EFBC}") = "AsyncTestApp", "AsyncTestApp\AsyncTestApp.csproj", "{1EFADEAB-7C73-4220-A8ED-1E21E661A42E}"
EndProject
Project("{2150E333-8FDC-42A3-9474-1A3956D46DE8}") = "SwapChainTest", "SwapChainTest", "{9D67AF47-1F94-48D9-BCBA-C3015927DDEA}"
EndProject
Project("{8BC9CEB8-8B4A-11D0-8D11-00A0C91BC942}") = "CppRT", "CppRT\CppRT.vcxproj", "{EA800724-0C1C-495A-84FC-4229DF58CE7C}"
EndProject
Project("{2150E333-8FDC-42A3-9474-1A3956D46DE8}") = "Fundamentals", "Fundamentals", "{13D24DA8-CB6C-4599-9D14-004F8AAF1F87}"
EndProject
Project("{8BC9CEB8-8B4A-11D0-8D11-00A0C91BC942}") = "Fundamentals", "Fundamentals\Fundamentals.vcxproj", "{C672E011-68FA-411F-B555-EB37DA6634B9}"
EndProject
Project("{FAE04EC0-301F-11D3-BF4B-00C04F79EFBC}") = "CppWinRTTestApp", "CppWinRTTestApp\CppWinRTTestApp.csproj", "{6013D209-D94C-4EA1-9421-52A018639FEE}"
EndProject
Project("{FAE04EC0-301F-11D3-BF4B-00C04F79EFBC}") = "FundamentalsApp", "FundamentalsApp\FundamentalsApp.csproj", "{FD945079-4C44-408E-A98B-325E23564202}"
EndProject
Project("{2150E333-8FDC-42A3-9474-1A3956D46DE8}") = "Delegate", "Delegate", "{547BBEA5-AA3C-4145-8AFB-6311108C4D2C}"
EndProject
Project("{8BC9CEB8-8B4A-11D0-8D11-00A0C91BC942}") = "Delegates", "Delegates\Delegates.vcxproj", "{990B920D-02AE-49DB-949C-85990D5E3609}"
EndProject
Project("{FAE04EC0-301F-11D3-BF4B-00C04F79EFBC}") = "DelegatesApp", "DelegatesApp\DelegatesApp.csproj", "{81ECF6DC-AC04-4B03-A942-112C13E49EAD}"
EndProject
Global
	GlobalSection(SharedMSBuildProjectFiles) = preSolution
		WRLBasics\WRLBasics.vcxitems*{45d41acc-2c3c-43d2-bc10-02aa73ffc7c7}*SharedItemsImports = 9
		WRLBasics\WRLBasics.vcxitems*{6c6a2b41-f4b7-4d1b-8dcd-1d453ddd10a7}*SharedItemsImports = 4
		FromWin2D\FromWin2D.vcxitems*{7a3bc0ed-4180-4d9a-9b48-26230fac18ec}*SharedItemsImports = 9
		WRLBasics\WRLBasics.vcxitems*{990b920d-02ae-49db-949c-85990d5e3609}*SharedItemsImports = 4
		WRLBasics\WRLBasics.vcxitems*{9ac90a4d-0c8e-48d6-977b-abd94e80e676}*SharedItemsImports = 4
		WRLBasics\WRLBasics.vcxitems*{c672e011-68fa-411f-b555-eb37da6634b9}*SharedItemsImports = 4
		FromWin2D\FromWin2D.vcxitems*{dff1dcc9-520c-46ee-ae17-8120091f810c}*SharedItemsImports = 4
		WRLBasics\WRLBasics.vcxitems*{dff1dcc9-520c-46ee-ae17-8120091f810c}*SharedItemsImports = 4
		WRLBasics\WRLBasics.vcxitems*{ea800724-0c1c-495a-84fc-4229df58ce7c}*SharedItemsImports = 4
		WRLBasics\WRLBasics.vcxitems*{f867dd1f-f7f8-4853-b86f-dd9c53bd99de}*SharedItemsImports = 4
	EndGlobalSection
	GlobalSection(SolutionConfigurationPlatforms) = preSolution
		Debug|ARM = Debug|ARM
		Debug|x64 = Debug|x64
		Debug|x86 = Debug|x86
		Release|ARM = Release|ARM
		Release|x64 = Release|x64
		Release|x86 = Release|x86
	EndGlobalSection
	GlobalSection(ProjectConfigurationPlatforms) = postSolution
		{6C6A2B41-F4B7-4D1B-8DCD-1D453DDD10A7}.Debug|ARM.ActiveCfg = Debug|Win32
		{6C6A2B41-F4B7-4D1B-8DCD-1D453DDD10A7}.Debug|x64.ActiveCfg = Debug|x64
		{6C6A2B41-F4B7-4D1B-8DCD-1D453DDD10A7}.Debug|x64.Build.0 = Debug|x64
		{6C6A2B41-F4B7-4D1B-8DCD-1D453DDD10A7}.Debug|x86.ActiveCfg = Debug|Win32
		{6C6A2B41-F4B7-4D1B-8DCD-1D453DDD10A7}.Debug|x86.Build.0 = Debug|Win32
		{6C6A2B41-F4B7-4D1B-8DCD-1D453DDD10A7}.Release|ARM.ActiveCfg = Release|Win32
		{6C6A2B41-F4B7-4D1B-8DCD-1D453DDD10A7}.Release|x64.ActiveCfg = Release|x64
		{6C6A2B41-F4B7-4D1B-8DCD-1D453DDD10A7}.Release|x64.Build.0 = Release|x64
		{6C6A2B41-F4B7-4D1B-8DCD-1D453DDD10A7}.Release|x86.ActiveCfg = Release|Win32
		{6C6A2B41-F4B7-4D1B-8DCD-1D453DDD10A7}.Release|x86.Build.0 = Release|Win32
		{0A7C1E6B-7AB8-4DF2-ACEC-CBC42F995294}.Debug|ARM.ActiveCfg = Debug|ARM
		{0A7C1E6B-7AB8-4DF2-ACEC-CBC42F995294}.Debug|ARM.Build.0 = Debug|ARM
		{0A7C1E6B-7AB8-4DF2-ACEC-CBC42F995294}.Debug|ARM.Deploy.0 = Debug|ARM
		{0A7C1E6B-7AB8-4DF2-ACEC-CBC42F995294}.Debug|x64.ActiveCfg = Debug|x64
		{0A7C1E6B-7AB8-4DF2-ACEC-CBC42F995294}.Debug|x64.Build.0 = Debug|x64
		{0A7C1E6B-7AB8-4DF2-ACEC-CBC42F995294}.Debug|x64.Deploy.0 = Debug|x64
		{0A7C1E6B-7AB8-4DF2-ACEC-CBC42F995294}.Debug|x86.ActiveCfg = Debug|x86
		{0A7C1E6B-7AB8-4DF2-ACEC-CBC42F995294}.Debug|x86.Build.0 = Debug|x86
		{0A7C1E6B-7AB8-4DF2-ACEC-CBC42F995294}.Debug|x86.Deploy.0 = Debug|x86
		{0A7C1E6B-7AB8-4DF2-ACEC-CBC42F995294}.Release|ARM.ActiveCfg = Release|ARM
		{0A7C1E6B-7AB8-4DF2-ACEC-CBC42F995294}.Release|ARM.Build.0 = Release|ARM
		{0A7C1E6B-7AB8-4DF2-ACEC-CBC42F995294}.Release|ARM.Deploy.0 = Release|ARM
		{0A7C1E6B-7AB8-4DF2-ACEC-CBC42F995294}.Release|x64.ActiveCfg = Release|x64
		{0A7C1E6B-7AB8-4DF2-ACEC-CBC42F995294}.Release|x64.Build.0 = Release|x64
		{0A7C1E6B-7AB8-4DF2-ACEC-CBC42F995294}.Release|x64.Deploy.0 = Release|x64
		{0A7C1E6B-7AB8-4DF2-ACEC-CBC42F995294}.Release|x86.ActiveCfg = Release|x86
		{0A7C1E6B-7AB8-4DF2-ACEC-CBC42F995294}.Release|x86.Build.0 = Release|x86
		{0A7C1E6B-7AB8-4DF2-ACEC-CBC42F995294}.Release|x86.Deploy.0 = Release|x86
		{F867DD1F-F7F8-4853-B86F-DD9C53BD99DE}.Debug|ARM.ActiveCfg = Debug|Win32
		{F867DD1F-F7F8-4853-B86F-DD9C53BD99DE}.Debug|x64.ActiveCfg = Debug|x64
		{F867DD1F-F7F8-4853-B86F-DD9C53BD99DE}.Debug|x64.Build.0 = Debug|x64
		{F867DD1F-F7F8-4853-B86F-DD9C53BD99DE}.Debug|x86.ActiveCfg = Debug|Win32
		{F867DD1F-F7F8-4853-B86F-DD9C53BD99DE}.Debug|x86.Build.0 = Debug|Win32
		{F867DD1F-F7F8-4853-B86F-DD9C53BD99DE}.Release|ARM.ActiveCfg = Release|Win32
		{F867DD1F-F7F8-4853-B86F-DD9C53BD99DE}.Release|x64.ActiveCfg = Release|x64
		{F867DD1F-F7F8-4853-B86F-DD9C53BD99DE}.Release|x64.Build.0 = Release|x64
		{F867DD1F-F7F8-4853-B86F-DD9C53BD99DE}.Release|x86.ActiveCfg = Release|Win32
		{F867DD1F-F7F8-4853-B86F-DD9C53BD99DE}.Release|x86.Build.0 = Release|Win32
		{C4946091-ACC8-4366-8EE1-56A9F8F0FED2}.Debug|ARM.ActiveCfg = Debug|ARM
		{C4946091-ACC8-4366-8EE1-56A9F8F0FED2}.Debug|ARM.Build.0 = Debug|ARM
		{C4946091-ACC8-4366-8EE1-56A9F8F0FED2}.Debug|ARM.Deploy.0 = Debug|ARM
		{C4946091-ACC8-4366-8EE1-56A9F8F0FED2}.Debug|x64.ActiveCfg = Debug|x64
		{C4946091-ACC8-4366-8EE1-56A9F8F0FED2}.Debug|x64.Build.0 = Debug|x64
		{C4946091-ACC8-4366-8EE1-56A9F8F0FED2}.Debug|x64.Deploy.0 = Debug|x64
		{C4946091-ACC8-4366-8EE1-56A9F8F0FED2}.Debug|x86.ActiveCfg = Debug|x86
		{C4946091-ACC8-4366-8EE1-56A9F8F0FED2}.Debug|x86.Build.0 = Debug|x86
		{C4946091-ACC8-4366-8EE1-56A9F8F0FED2}.Debug|x86.Deploy.0 = Debug|x86
		{C4946091-ACC8-4366-8EE1-56A9F8F0FED2}.Release|ARM.ActiveCfg = Release|ARM
		{C4946091-ACC8-4366-8EE1-56A9F8F0FED2}.Release|ARM.Build.0 = Release|ARM
		{C4946091-ACC8-4366-8EE1-56A9F8F0FED2}.Release|ARM.Deploy.0 = Release|ARM
		{C4946091-ACC8-4366-8EE1-56A9F8F0FED2}.Release|x64.ActiveCfg = Release|x64
		{C4946091-ACC8-4366-8EE1-56A9F8F0FED2}.Release|x64.Build.0 = Release|x64
		{C4946091-ACC8-4366-8EE1-56A9F8F0FED2}.Release|x64.Deploy.0 = Release|x64
		{C4946091-ACC8-4366-8EE1-56A9F8F0FED2}.Release|x86.ActiveCfg = Release|x86
		{C4946091-ACC8-4366-8EE1-56A9F8F0FED2}.Release|x86.Build.0 = Release|x86
		{C4946091-ACC8-4366-8EE1-56A9F8F0FED2}.Release|x86.Deploy.0 = Release|x86
		{9AC90A4D-0C8E-48D6-977B-ABD94E80E676}.Debug|ARM.ActiveCfg = Debug|Win32
		{9AC90A4D-0C8E-48D6-977B-ABD94E80E676}.Debug|x64.ActiveCfg = Debug|x64
		{9AC90A4D-0C8E-48D6-977B-ABD94E80E676}.Debug|x64.Build.0 = Debug|x64
		{9AC90A4D-0C8E-48D6-977B-ABD94E80E676}.Debug|x86.ActiveCfg = Debug|Win32
		{9AC90A4D-0C8E-48D6-977B-ABD94E80E676}.Debug|x86.Build.0 = Debug|Win32
		{9AC90A4D-0C8E-48D6-977B-ABD94E80E676}.Release|ARM.ActiveCfg = Release|Win32
		{9AC90A4D-0C8E-48D6-977B-ABD94E80E676}.Release|x64.ActiveCfg = Release|x64
		{9AC90A4D-0C8E-48D6-977B-ABD94E80E676}.Release|x64.Build.0 = Release|x64
		{9AC90A4D-0C8E-48D6-977B-ABD94E80E676}.Release|x86.ActiveCfg = Release|Win32
		{9AC90A4D-0C8E-48D6-977B-ABD94E80E676}.Release|x86.Build.0 = Release|Win32
		{87140646-A722-46D5-8E70-7704EB6BF60C}.Debug|ARM.ActiveCfg = Debug|ARM
		{87140646-A722-46D5-8E70-7704EB6BF60C}.Debug|ARM.Build.0 = Debug|ARM
		{87140646-A722-46D5-8E70-7704EB6BF60C}.Debug|ARM.Deploy.0 = Debug|ARM
		{87140646-A722-46D5-8E70-7704EB6BF60C}.Debug|x64.ActiveCfg = Debug|x64
		{87140646-A722-46D5-8E70-7704EB6BF60C}.Debug|x64.Build.0 = Debug|x64
		{87140646-A722-46D5-8E70-7704EB6BF60C}.Debug|x64.Deploy.0 = Debug|x64
		{87140646-A722-46D5-8E70-7704EB6BF60C}.Debug|x86.ActiveCfg = Debug|x86
		{87140646-A722-46D5-8E70-7704EB6BF60C}.Debug|x86.Build.0 = Debug|x86
		{87140646-A722-46D5-8E70-7704EB6BF60C}.Debug|x86.Deploy.0 = Debug|x86
		{87140646-A722-46D5-8E70-7704EB6BF60C}.Release|ARM.ActiveCfg = Release|ARM
		{87140646-A722-46D5-8E70-7704EB6BF60C}.Release|ARM.Build.0 = Release|ARM
		{87140646-A722-46D5-8E70-7704EB6BF60C}.Release|ARM.Deploy.0 = Release|ARM
		{87140646-A722-46D5-8E70-7704EB6BF60C}.Release|x64.ActiveCfg = Release|x64
		{87140646-A722-46D5-8E70-7704EB6BF60C}.Release|x64.Build.0 = Release|x64
		{87140646-A722-46D5-8E70-7704EB6BF60C}.Release|x64.Deploy.0 = Release|x64
		{87140646-A722-46D5-8E70-7704EB6BF60C}.Release|x86.ActiveCfg = Release|x86
		{87140646-A722-46D5-8E70-7704EB6BF60C}.Release|x86.Build.0 = Release|x86
		{87140646-A722-46D5-8E70-7704EB6BF60C}.Release|x86.Deploy.0 = Release|x86
		{DFF1DCC9-520C-46EE-AE17-8120091F810C}.Debug|ARM.ActiveCfg = Debug|Win32
		{DFF1DCC9-520C-46EE-AE17-8120091F810C}.Debug|x64.ActiveCfg = Debug|x64
		{DFF1DCC9-520C-46EE-AE17-8120091F810C}.Debug|x64.Build.0 = Debug|x64
		{DFF1DCC9-520C-46EE-AE17-8120091F810C}.Debug|x86.ActiveCfg = Debug|Win32
		{DFF1DCC9-520C-46EE-AE17-8120091F810C}.Debug|x86.Build.0 = Debug|Win32
		{DFF1DCC9-520C-46EE-AE17-8120091F810C}.Release|ARM.ActiveCfg = Release|Win32
		{DFF1DCC9-520C-46EE-AE17-8120091F810C}.Release|x64.ActiveCfg = Release|x64
		{DFF1DCC9-520C-46EE-AE17-8120091F810C}.Release|x64.Build.0 = Release|x64
		{DFF1DCC9-520C-46EE-AE17-8120091F810C}.Release|x86.ActiveCfg = Release|Win32
		{DFF1DCC9-520C-46EE-AE17-8120091F810C}.Release|x86.Build.0 = Release|Win32
		{1EFADEAB-7C73-4220-A8ED-1E21E661A42E}.Debug|ARM.ActiveCfg = Debug|ARM
		{1EFADEAB-7C73-4220-A8ED-1E21E661A42E}.Debug|ARM.Build.0 = Debug|ARM
		{1EFADEAB-7C73-4220-A8ED-1E21E661A42E}.Debug|ARM.Deploy.0 = Debug|ARM
		{1EFADEAB-7C73-4220-A8ED-1E21E661A42E}.Debug|x64.ActiveCfg = Debug|x64
		{1EFADEAB-7C73-4220-A8ED-1E21E661A42E}.Debug|x64.Build.0 = Debug|x64
		{1EFADEAB-7C73-4220-A8ED-1E21E661A42E}.Debug|x64.Deploy.0 = Debug|x64
		{1EFADEAB-7C73-4220-A8ED-1E21E661A42E}.Debug|x86.ActiveCfg = Debug|x86
		{1EFADEAB-7C73-4220-A8ED-1E21E661A42E}.Debug|x86.Build.0 = Debug|x86
		{1EFADEAB-7C73-4220-A8ED-1E21E661A42E}.Debug|x86.Deploy.0 = Debug|x86
		{1EFADEAB-7C73-4220-A8ED-1E21E661A42E}.Release|ARM.ActiveCfg = Release|ARM
		{1EFADEAB-7C73-4220-A8ED-1E21E661A42E}.Release|ARM.Build.0 = Release|ARM
		{1EFADEAB-7C73-4220-A8ED-1E21E661A42E}.Release|ARM.Deploy.0 = Release|ARM
		{1EFADEAB-7C73-4220-A8ED-1E21E661A42E}.Release|x64.ActiveCfg = Release|x64
		{1EFADEAB-7C73-4220-A8ED-1E21E661A42E}.Release|x64.Build.0 = Release|x64
		{1EFADEAB-7C73-4220-A8ED-1E21E661A42E}.Release|x64.Deploy.0 = Release|x64
		{1EFADEAB-7C73-4220-A8ED-1E21E661A42E}.Release|x86.ActiveCfg = Release|x86
		{1EFADEAB-7C73-4220-A8ED-1E21E661A42E}.Release|x86.Build.0 = Release|x86
		{1EFADEAB-7C73-4220-A8ED-1E21E661A42E}.Release|x86.Deploy.0 = Release|x86
		{EA800724-0C1C-495A-84FC-4229DF58CE7C}.Debug|ARM.ActiveCfg = Debug|Win32
		{EA800724-0C1C-495A-84FC-4229DF58CE7C}.Debug|x64.ActiveCfg = Debug|x64
		{EA800724-0C1C-495A-84FC-4229DF58CE7C}.Debug|x64.Build.0 = Debug|x64
		{EA800724-0C1C-495A-84FC-4229DF58CE7C}.Debug|x86.ActiveCfg = Debug|Win32
		{EA800724-0C1C-495A-84FC-4229DF58CE7C}.Debug|x86.Build.0 = Debug|Win32
		{EA800724-0C1C-495A-84FC-4229DF58CE7C}.Release|ARM.ActiveCfg = Release|Win32
		{EA800724-0C1C-495A-84FC-4229DF58CE7C}.Release|x64.ActiveCfg = Release|x64
		{EA800724-0C1C-495A-84FC-4229DF58CE7C}.Release|x64.Build.0 = Release|x64
		{EA800724-0C1C-495A-84FC-4229DF58CE7C}.Release|x86.ActiveCfg = Release|Win32
		{EA800724-0C1C-495A-84FC-4229DF58CE7C}.Release|x86.Build.0 = Release|Win32
		{C672E011-68FA-411F-B555-EB37DA6634B9}.Debug|ARM.ActiveCfg = Debug|Win32
		{C672E011-68FA-411F-B555-EB37DA6634B9}.Debug|x64.ActiveCfg = Debug|x64
		{C672E011-68FA-411F-B555-EB37DA6634B9}.Debug|x64.Build.0 = Debug|x64
		{C672E011-68FA-411F-B555-EB37DA6634B9}.Debug|x86.ActiveCfg = Debug|Win32
		{C672E011-68FA-411F-B555-EB37DA6634B9}.Debug|x86.Build.0 = Debug|Win32
		{C672E011-68FA-411F-B555-EB37DA6634B9}.Release|ARM.ActiveCfg = Release|Win32
		{C672E011-68FA-411F-B555-EB37DA6634B9}.Release|x64.ActiveCfg = Release|x64
		{C672E011-68FA-411F-B555-EB37DA6634B9}.Release|x64.Build.0 = Release|x64
		{C672E011-68FA-411F-B555-EB37DA6634B9}.Release|x86.ActiveCfg = Release|Win32
		{C672E011-68FA-411F-B555-EB37DA6634B9}.Release|x86.Build.0 = Release|Win32
		{6013D209-D94C-4EA1-9421-52A018639FEE}.Debug|ARM.ActiveCfg = Debug|ARM
		{6013D209-D94C-4EA1-9421-52A018639FEE}.Debug|ARM.Build.0 = Debug|ARM
		{6013D209-D94C-4EA1-9421-52A018639FEE}.Debug|ARM.Deploy.0 = Debug|ARM
		{6013D209-D94C-4EA1-9421-52A018639FEE}.Debug|x64.ActiveCfg = Debug|x64
		{6013D209-D94C-4EA1-9421-52A018639FEE}.Debug|x64.Build.0 = Debug|x64
		{6013D209-D94C-4EA1-9421-52A018639FEE}.Debug|x64.Deploy.0 = Debug|x64
		{6013D209-D94C-4EA1-9421-52A018639FEE}.Debug|x86.ActiveCfg = Debug|x86
		{6013D209-D94C-4EA1-9421-52A018639FEE}.Debug|x86.Build.0 = Debug|x86
		{6013D209-D94C-4EA1-9421-52A018639FEE}.Debug|x86.Deploy.0 = Debug|x86
		{6013D209-D94C-4EA1-9421-52A018639FEE}.Release|ARM.ActiveCfg = Release|ARM
		{6013D209-D94C-4EA1-9421-52A018639FEE}.Release|ARM.Build.0 = Release|ARM
		{6013D209-D94C-4EA1-9421-52A018639FEE}.Release|ARM.Deploy.0 = Release|ARM
		{6013D209-D94C-4EA1-9421-52A018639FEE}.Release|x64.ActiveCfg = Release|x64
		{6013D209-D94C-4EA1-9421-52A018639FEE}.Release|x64.Build.0 = Release|x64
		{6013D209-D94C-4EA1-9421-52A018639FEE}.Release|x64.Deploy.0 = Release|x64
		{6013D209-D94C-4EA1-9421-52A018639FEE}.Release|x86.ActiveCfg = Release|x86
		{6013D209-D94C-4EA1-9421-52A018639FEE}.Release|x86.Build.0 = Release|x86
		{6013D209-D94C-4EA1-9421-52A018639FEE}.Release|x86.Deploy.0 = Release|x86
		{FD945079-4C44-408E-A98B-325E23564202}.Debug|ARM.ActiveCfg = Debug|ARM
		{FD945079-4C44-408E-A98B-325E23564202}.Debug|ARM.Build.0 = Debug|ARM
		{FD945079-4C44-408E-A98B-325E23564202}.Debug|ARM.Deploy.0 = Debug|ARM
		{FD945079-4C44-408E-A98B-325E23564202}.Debug|x64.ActiveCfg = Debug|x64
		{FD945079-4C44-408E-A98B-325E23564202}.Debug|x64.Build.0 = Debug|x64
		{FD945079-4C44-408E-A98B-325E23564202}.Debug|x64.Deploy.0 = Debug|x64
		{FD945079-4C44-408E-A98B-325E23564202}.Debug|x86.ActiveCfg = Debug|x86
		{FD945079-4C44-408E-A98B-325E23564202}.Debug|x86.Build.0 = Debug|x86
		{FD945079-4C44-408E-A98B-325E23564202}.Debug|x86.Deploy.0 = Debug|x86
		{FD945079-4C44-408E-A98B-325E23564202}.Release|ARM.ActiveCfg = Release|ARM
		{FD945079-4C44-408E-A98B-325E23564202}.Release|ARM.Build.0 = Release|ARM
		{FD945079-4C44-408E-A98B-325E23564202}.Release|ARM.Deploy.0 = Release|ARM
		{FD945079-4C44-408E-A98B-325E23564202}.Release|x64.ActiveCfg = Release|x64
		{FD945079-4C44-408E-A98B-325E23564202}.Release|x64.Build.0 = Release|x64
		{FD945079-4C44-408E-A98B-325E23564202}.Release|x64.Deploy.0 = Release|x64
		{FD945079-4C44-408E-A98B-325E23564202}.Release|x86.ActiveCfg = Release|x86
		{FD945079-4C44-408E-A98B-325E23564202}.Release|x86.Build.0 = Release|x86
		{FD945079-4C44-408E-A98B-325E23564202}.Release|x86.Deploy.0 = Release|x86
		{990B920D-02AE-49DB-949C-85990D5E3609}.Debug|ARM.ActiveCfg = Debug|Win32
		{990B920D-02AE-49DB-949C-85990D5E3609}.Debug|x64.ActiveCfg = Debug|x64
		{990B920D-02AE-49DB-949C-85990D5E3609}.Debug|x64.Build.0 = Debug|x64
		{990B920D-02AE-49DB-949C-85990D5E3609}.Debug|x86.ActiveCfg = Debug|Win32
		{990B920D-02AE-49DB-949C-85990D5E3609}.Debug|x86.Build.0 = Debug|Win32
		{990B920D-02AE-49DB-949C-85990D5E3609}.Release|ARM.ActiveCfg = Release|Win32
		{990B920D-02AE-49DB-949C-85990D5E3609}.Release|x64.ActiveCfg = Release|x64
		{990B920D-02AE-49DB-949C-85990D5E3609}.Release|x64.Build.0 = Release|x64
		{990B920D-02AE-49DB-949C-85990D5E3609}.Release|x86.ActiveCfg = Release|Win32
		{990B920D-02AE-49DB-949C-85990D5E3609}.Release|x86.Build.0 = Release|Win32
		{81ECF6DC-AC04-4B03-A942-112C13E49EAD}.Debug|ARM.ActiveCfg = Debug|ARM
		{81ECF6DC-AC04-4B03-A942-112C13E49EAD}.Debug|ARM.Build.0 = Debug|ARM
		{81ECF6DC-AC04-4B03-A942-112C13E49EAD}.Debug|ARM.Deploy.0 = Debug|ARM
		{81ECF6DC-AC04-4B03-A942-112C13E49EAD}.Debug|x64.ActiveCfg = Debug|x64
		{81ECF6DC-AC04-4B03-A942-112C13E49EAD}.Debug|x64.Build.0 = Debug|x64
		{81ECF6DC-AC04-4B03-A942-112C13E49EAD}.Debug|x64.Deploy.0 = Debug|x64
		{81ECF6DC-AC04-4B03-A942-112C13E49EAD}.Debug|x86.ActiveCfg = Debug|x86
		{81ECF6DC-AC04-4B03-A942-112C13E49EAD}.Debug|x86.Build.0 = Debug|x86
		{81ECF6DC-AC04-4B03-A942-112C13E49EAD}.Debug|x86.Deploy.0 = Debug|x86
		{81ECF6DC-AC04-4B03-A942-112C13E49EAD}.Release|ARM.ActiveCfg = Release|ARM
		{81ECF6DC-AC04-4B03-A942-112C13E49EAD}.Release|ARM.Build.0 = Release|ARM
		{81ECF6DC-AC04-4B03-A942-112C13E49EAD}.Release|ARM.Deploy.0 = Release|ARM
		{81ECF6DC-AC04-4B03-A942-112C13E49EAD}.Release|x64.ActiveCfg = Release|x64
		{81ECF6DC-AC04-4B03-A942-112C13E49EAD}.Release|x64.Build.0 = Release|x64
		{81ECF6DC-AC04-4B03-A942-112C13E49EAD}.Release|x64.Deploy.0 = Release|x64
		{81ECF6DC-AC04-4B03-A942-112C13E49EAD}.Release|x86.ActiveCfg = Release|x86
		{81ECF6DC-AC04-4B03-A942-112C13E49EAD}.Release|x86.Build.0 = Release|x86
		{81ECF6DC-AC04-4B03-A942-112C13E49EAD}.Release|x86.Deploy.0 = Release|x86
	EndGlobalSection
	GlobalSection(SolutionProperties) = preSolution
		HideSolutionNode = FALSE
	EndGlobalSection
	GlobalSection(NestedProjects) = preSolution
		{6C6A2B41-F4B7-4D1B-8DCD-1D453DDD10A7} = {F316A296-1ABA-4463-A2FB-DF88B1F4EA23}
		{0A7C1E6B-7AB8-4DF2-ACEC-CBC42F995294} = {F316A296-1ABA-4463-A2FB-DF88B1F4EA23}
		{F867DD1F-F7F8-4853-B86F-DD9C53BD99DE} = {D65876E5-789F-4FB9-BBBE-9B1292870D8A}
		{C4946091-ACC8-4366-8EE1-56A9F8F0FED2} = {D65876E5-789F-4FB9-BBBE-9B1292870D8A}
		{9AC90A4D-0C8E-48D6-977B-ABD94E80E676} = {9D67AF47-1F94-48D9-BCBA-C3015927DDEA}
		{87140646-A722-46D5-8E70-7704EB6BF60C} = {9D67AF47-1F94-48D9-BCBA-C3015927DDEA}
		{DFF1DCC9-520C-46EE-AE17-8120091F810C} = {36A9EE7F-A8D3-4A27-9E9E-53F7C2A9FF22}
		{1EFADEAB-7C73-4220-A8ED-1E21E661A42E} = {36A9EE7F-A8D3-4A27-9E9E-53F7C2A9FF22}
		{EA800724-0C1C-495A-84FC-4229DF58CE7C} = {FC29A6D1-A804-4A46-9916-66C164B57CD5}
		{C672E011-68FA-411F-B555-EB37DA6634B9} = {13D24DA8-CB6C-4599-9D14-004F8AAF1F87}
		{6013D209-D94C-4EA1-9421-52A018639FEE} = {FC29A6D1-A804-4A46-9916-66C164B57CD5}
		{FD945079-4C44-408E-A98B-325E23564202} = {13D24DA8-CB6C-4599-9D14-004F8AAF1F87}
		{990B920D-02AE-49DB-949C-85990D5E3609} = {547BBEA5-AA3C-4145-8AFB-6311108C4D2C}
		{81ECF6DC-AC04-4B03-A942-112C13E49EAD} = {547BBEA5-AA3C-4145-8AFB-6311108C4D2C}
	EndGlobalSection
EndGlobal
